
Microsoft Visual Studio Solution File, Format Version 11.00
# Visual Studio 2010
Project("{FAE04EC0-301F-11D3-BF4B-00C04F79EFBC}") = "Demo", "Demo\Demo.csproj", "{4A3307AB-6D70-4B02-AA18-672508D5B03E}"
	ProjectSection(ProjectDependencies) = postProject
		{FDECF0C3-F88E-4A93-A6BF-6E944EB04ABE} = {FDECF0C3-F88E-4A93-A6BF-6E944EB04ABE}
	EndProjectSection
EndProject
Project("{FAE04EC0-301F-11D3-BF4B-00C04F79EFBC}") = "Sherwood", "..\lib\Sherwood.csproj", "{FDECF0C3-F88E-4A93-A6BF-6E944EB04ABE}"
EndProject
Global
	GlobalSection(SolutionConfigurationPlatforms) = preSolution
		Debug|Any CPU = Debug|Any CPU
		Debug|x86 = Debug|x86
		Release|Any CPU = Release|Any CPU
		Release|x86 = Release|x86
	EndGlobalSection
	GlobalSection(ProjectConfigurationPlatforms) = postSolution
		{4A3307AB-6D70-4B02-AA18-672508D5B03E}.Debug|Any CPU.ActiveCfg = Debug|Any CPU
		{4A3307AB-6D70-4B02-AA18-672508D5B03E}.Debug|Any CPU.Build.0 = Debug|Any CPU
		{4A3307AB-6D70-4B02-AA18-672508D5B03E}.Debug|x86.ActiveCfg = Debug|x86
		{4A3307AB-6D70-4B02-AA18-672508D5B03E}.Debug|x86.Build.0 = Debug|x86
		{4A3307AB-6D70-4B02-AA18-672508D5B03E}.Release|Any CPU.ActiveCfg = Release|Any CPU
		{4A3307AB-6D70-4B02-AA18-672508D5B03E}.Release|Any CPU.Build.0 = Release|Any CPU
		{4A3307AB-6D70-4B02-AA18-672508D5B03E}.Release|x86.ActiveCfg = Release|x86
		{4A3307AB-6D70-4B02-AA18-672508D5B03E}.Release|x86.Build.0 = Release|x86
		{FDECF0C3-F88E-4A93-A6BF-6E944EB04ABE}.Debug|Any CPU.ActiveCfg = Debug|Any CPU
		{FDECF0C3-F88E-4A93-A6BF-6E944EB04ABE}.Debug|Any CPU.Build.0 = Debug|Any CPU
		{FDECF0C3-F88E-4A93-A6BF-6E944EB04ABE}.Debug|x86.ActiveCfg = Debug|x86
		{FDECF0C3-F88E-4A93-A6BF-6E944EB04ABE}.Debug|x86.Build.0 = Debug|x86
		{FDECF0C3-F88E-4A93-A6BF-6E944EB04ABE}.Release|Any CPU.ActiveCfg = Release|Any CPU
		{FDECF0C3-F88E-4A93-A6BF-6E944EB04ABE}.Release|Any CPU.Build.0 = Release|Any CPU
		{FDECF0C3-F88E-4A93-A6BF-6E944EB04ABE}.Release|x86.ActiveCfg = Release|x86
		{FDECF0C3-F88E-4A93-A6BF-6E944EB04ABE}.Release|x86.Build.0 = Release|x86
	EndGlobalSection
	GlobalSection(SolutionProperties) = preSolution
		HideSolutionNode = FALSE
	EndGlobalSection
EndGlobal
